<?xml version="1.0" encoding="utf-8"?>
<Project ToolsVersion="4.0" xmlns="http://schemas.microsoft.com/developer/msbuild/2003">
  <ItemGroup>
    <ClCompile Include="ConsoleApplicationRTree.cpp" />
    <ClCompile Include="pch.cpp" />
    <ClCompile Include="RTree.cpp" />
    <ClCompile Include="Rect.cpp" />
    <ClCompile Include="Node.cpp" />
    <ClCompile Include="Helpers.cpp" />
    <ClCompile Include="RTreeRenderer\RTreeWindow.cpp" />
    <ClCompile Include="RTreeRenderer\RTreeRenderer.cpp" />
    <ClCompile Include="RTreeRenderer\Triangle.cpp" />
  </ItemGroup>
  <ItemGroup>
    <ClInclude Include="pch.h" />
    <ClInclude Include="RTree.h" />
    <ClInclude Include="Rect.h" />
    <ClInclude Include="Node.h" />
    <ClInclude Include="Helpers.h" />
    <ClInclude Include="RTreeRenderer\RTreeWindow.h" />
    <ClInclude Include="RTreeRenderer\RTreeRenderer.h" />
    <ClInclude Include="RTreeRenderer\Vertex.h" />
    <ClInclude Include="RTreeRenderer\Triangle.h" />
  </ItemGroup>
  <ItemGroup>
    <FxCompile Include="RTreeRenderer\vs.hlsl" />
    <FxCompile Include="RTreeRenderer\ps.hlsl" />
  </ItemGroup>
</Project>